
Microsoft Visual Studio Solution File, Format Version 12.00
# Visual Studio Version 17
VisualStudioVersion = 17.11.35219.272
MinimumVisualStudioVersion = 10.0.40219.1
Project("{FAE04EC0-301F-11D3-BF4B-00C04F79EFBC}") = "widget-circularity", "widget-circularity\widget-circularity.csproj", "{CEC6A4E1-91F1-4DF6-9CAB-2A061E7F98A6}"
EndProject
Global
	GlobalSection(SolutionConfigurationPlatforms) = preSolution
		Debug|Any CPU = Debug|Any CPU
		Release|Any CPU = Release|Any CPU
	EndGlobalSection
	GlobalSection(ProjectConfigurationPlatforms) = postSolution
		{CEC6A4E1-91F1-4DF6-9CAB-2A061E7F98A6}.Debug|Any CPU.ActiveCfg = Debug|Any CPU
		{CEC6A4E1-91F1-4DF6-9CAB-2A061E7F98A6}.Debug|Any CPU.Build.0 = Debug|Any CPU
		{CEC6A4E1-91F1-4DF6-9CAB-2A061E7F98A6}.Release|Any CPU.ActiveCfg = Release|Any CPU
		{CEC6A4E1-91F1-4DF6-9CAB-2A061E7F98A6}.Release|Any CPU.Build.0 = Release|Any CPU
	EndGlobalSection
	GlobalSection(SolutionProperties) = preSolution
		HideSolutionNode = FALSE
	EndGlobalSection
	GlobalSection(ExtensibilityGlobals) = postSolution
		SolutionGuid = {BB6FC0D0-37E8-477B-B799-6834EE38BDEE}
	EndGlobalSection
EndGlobal
